
Microsoft Visual Studio Solution File, Format Version 12.00
# Visual Studio 15
VisualStudioVersion = 15.0.27130.2003
MinimumVisualStudioVersion = 10.0.40219.1
Project("{FAE04EC0-301F-11D3-BF4B-00C04F79EFBC}") = "WebApplication1", "WebApplication1\WebApplication1.csproj", "{AA1D3E0C-EEF0-4944-9EE4-DE76519E347E}"
EndProject
Project("{FAE04EC0-301F-11D3-BF4B-00C04F79EFBC}") = "UnitTestWebApplication1", "UnitTestWebApplication1\UnitTestWebApplication1.csproj", "{CEF5746B-8FEB-4F59-BDF4-2A47B5A400CC}"
EndProject
Global
	GlobalSection(SolutionConfigurationPlatforms) = preSolution
		Debug|Any CPU = Debug|Any CPU
		Release|Any CPU = Release|Any CPU
	EndGlobalSection
	GlobalSection(ProjectConfigurationPlatforms) = postSolution
		{AA1D3E0C-EEF0-4944-9EE4-DE76519E347E}.Debug|Any CPU.ActiveCfg = Debug|Any CPU
		{AA1D3E0C-EEF0-4944-9EE4-DE76519E347E}.Debug|Any CPU.Build.0 = Debug|Any CPU
		{AA1D3E0C-EEF0-4944-9EE4-DE76519E347E}.Release|Any CPU.ActiveCfg = Release|Any CPU
		{AA1D3E0C-EEF0-4944-9EE4-DE76519E347E}.Release|Any CPU.Build.0 = Release|Any CPU
		{CEF5746B-8FEB-4F59-BDF4-2A47B5A400CC}.Debug|Any CPU.ActiveCfg = Debug|Any CPU
		{CEF5746B-8FEB-4F59-BDF4-2A47B5A400CC}.Debug|Any CPU.Build.0 = Debug|Any CPU
		{CEF5746B-8FEB-4F59-BDF4-2A47B5A400CC}.Release|Any CPU.ActiveCfg = Release|Any CPU
		{CEF5746B-8FEB-4F59-BDF4-2A47B5A400CC}.Release|Any CPU.Build.0 = Release|Any CPU
	EndGlobalSection
	GlobalSection(SolutionProperties) = preSolution
		HideSolutionNode = FALSE
	EndGlobalSection
	GlobalSection(ExtensibilityGlobals) = postSolution
		SolutionGuid = {C26A5B6F-EE4D-43CB-A7A7-0E0D5AE2F444}
	EndGlobalSection
EndGlobal
